{
  "name": "meshforge",
  "version": "0.1.0",
  "lockfileVersion": 2,
  "requires": true,
  "packages": {
    "": {
      "name": "meshforge",
      "version": "0.1.0",
      "devDependencies": {
        "@tauri-apps/cli": "^2",
        "cross-env": "^7"
      }
    },
    "node_modules/@tauri-apps/cli": {
      "version": "2.10.0",
      "resolved": "https://registry.npmjs.org/@tauri-apps/cli/-/cli-2.10.0.tgz",
      "integrity": "sha512-ZwT0T+7bw4+DPCSWzmviwq5XbXlM0cNoleDKOYPFYqcZqeKY31KlpoMW/MOON/tOFBPgi31a2v3w9gliqwL2+Q==",
      "dev": true,
      "bin": {
        "tauri": "tauri.js"
      },
      "engines": {
        "node": ">= 10"
      },
      "funding": {
        "type": "opencollective",
        "url": "https://opencollective.com/tauri"
      },
      "optionalDependencies": {
        "@tauri-apps/cli-darwin-arm64": "2.10.0",
        "@tauri-apps/cli-darwin-x64": "2.10.0",
        "@tauri-apps/cli-linux-arm-gnueabihf": "2.10.0",
        "@tauri-apps/cli-linux-arm64-gnu": "2.10.0",
        "@tauri-apps/cli-linux-arm64-musl": "2.10.0",
        "@tauri-apps/cli-linux-riscv64-gnu": "2.10.0",
        "@tauri-apps/cli-linux-x64-gnu": "2.10.0",
        "@tauri-apps/cli-linux-x64-musl": "2.10.0",
        "@tauri-apps/cli-win32-arm64-msvc": "2.10.0",
        "@tauri-apps/cli-win32-ia32-msvc": "2.10.0",
        "@tauri-apps/cli-win32-x64-msvc": "2.10.0"
      }
    },
    "node_modules/@tauri-apps/cli-darwin-arm64": {
      "version": "2.10.0",
      "resolved": "https://registry.npmjs.org/@tauri-apps/cli-darwin-arm64/-/cli-darwin-arm64-2.10.0.tgz",
      "integrity": "sha512-avqHD4HRjrMamE/7R/kzJPcAJnZs0IIS+1nkDP5b+TNBn3py7N2aIo9LIpy+VQq0AkN8G5dDpZtOOBkmWt/zjA==",
      "cpu": [
        "arm64"
      ],
      "dev": true,
      "optional": true,
      "os": [
        "darwin"
      ],
      "engines": {
        "node": ">= 10"
      }
    },
    "node_modules/@tauri-apps/cli-darwin-x64": {
      "version": "2.10.0",
      "resolved": "https://registry.npmjs.org/@tauri-apps/cli-darwin-x64/-/cli-darwin-x64-2.10.0.tgz",
      "integrity": "sha512-keDmlvJRStzVFjZTd0xYkBONLtgBC9eMTpmXnBXzsHuawV2q9PvDo2x6D5mhuoMVrJ9QWjgaPKBBCFks4dK71Q==",
      "cpu": [
        "x64"
      ],
      "dev": true,
      "optional": true,
      "os": [
        "darwin"
      ],
      "engines": {
        "node": ">= 10"
      }
    },
    "node_modules/@tauri-apps/cli-linux-arm-gnueabihf": {
      "version": "2.10.0",
      "resolved": "https://registry.npmjs.org/@tauri-apps/cli-linux-arm-gnueabihf/-/cli-linux-arm-gnueabihf-2.10.0.tgz",
      "integrity": "sha512-e5u0VfLZsMAC9iHaOEANumgl6lfnJx0Dtjkd8IJpysZ8jp0tJ6wrIkto2OzQgzcYyRCKgX72aKE0PFgZputA8g==",
      "cpu": [
        "arm"
      ],
      "dev": true,
      "optional": true,
      "os": [
        "linux"
      ],
      "engines": {
        "node": ">= 10"
      }
    },
    "node_modules/@tauri-apps/cli-linux-arm64-gnu": {
      "version": "2.10.0",
      "resolved": "https://registry.npmjs.org/@tauri-apps/cli-linux-arm64-gnu/-/cli-linux-arm64-gnu-2.10.0.tgz",
      "integrity": "sha512-YrYYk2dfmBs5m+OIMCrb+JH/oo+4FtlpcrTCgiFYc7vcs6m3QDd1TTyWu0u01ewsCtK2kOdluhr/zKku+KP7HA==",
      "cpu": [
        "arm64"
      ],
      "dev": true,
      "optional": true,
      "os": [
        "linux"
      ],
      "engines": {
        "node": ">= 10"
      }
    },
    "node_modules/@tauri-apps/cli-linux-arm64-musl": {
      "version": "2.10.0",
      "resolved": "https://registry.npmjs.org/@tauri-apps/cli-linux-arm64-musl/-/cli-linux-arm64-musl-2.10.0.tgz",
      "integrity": "sha512-GUoPdVJmrJRIXFfW3Rkt+eGK9ygOdyISACZfC/bCSfOnGt8kNdQIQr5WRH9QUaTVFIwxMlQyV3m+yXYP+xhSVA==",
      "cpu": [
        "arm64"
      ],
      "dev": true,
      "optional": true,
      "os": [
        "linux"
      ],
      "engines": {
        "node": ">= 10"
      }
    },
    "node_modules/@tauri-apps/cli-linux-riscv64-gnu": {
      "version": "2.10.0",
      "resolved": "https://registry.npmjs.org/@tauri-apps/cli-linux-riscv64-gnu/-/cli-linux-riscv64-gnu-2.10.0.tgz",
      "integrity": "sha512-JO7s3TlSxshwsoKNCDkyvsx5gw2QAs/Y2GbR5UE2d5kkU138ATKoPOtxn8G1fFT1aDW4LH0rYAAfBpGkDyJJnw==",
      "cpu": [
        "riscv64"
      ],
      "dev": true,
      "optional": true,
      "os": [
        "linux"
      ],
      "engines": {
        "node": ">= 10"
      }
    },
    "node_modules/@tauri-apps/cli-linux-x64-gnu": {
      "version": "2.10.0",
      "resolved": "https://registry.npmjs.org/@tauri-apps/cli-linux-x64-gnu/-/cli-linux-x64-gnu-2.10.0.tgz",
      "integrity": "sha512-Uvh4SUUp4A6DVRSMWjelww0GnZI3PlVy7VS+DRF5napKuIehVjGl9XD0uKoCoxwAQBLctvipyEK+pDXpJeoHng==",
      "cpu": [
        "x64"
      ],
      "dev": true,
      "optional": true,
      "os": [
        "linux"
      ],
      "engines": {
        "node": ">= 10"
      }
    },
    "node_modules/@tauri-apps/cli-linux-x64-musl": {
      "version": "2.10.0",
      "resolved": "https://registry.npmjs.org/@tauri-apps/cli-linux-x64-musl/-/cli-linux-x64-musl-2.10.0.tgz",
      "integrity": "sha512-AP0KRK6bJuTpQ8kMNWvhIpKUkQJfcPFeba7QshOQZjJ8wOS6emwTN4K5g/d3AbCMo0RRdnZWwu67MlmtJyxC1Q==",
      "cpu": [
        "x64"
      ],
      "dev": true,
      "optional": true,
      "os": [
        "linux"
      ],
      "engines": {
        "node": ">= 10"
      }
    },
    "node_modules/@tauri-apps/cli-win32-arm64-msvc": {
      "version": "2.10.0",
      "resolved": "https://registry.npmjs.org/@tauri-apps/cli-win32-arm64-msvc/-/cli-win32-arm64-msvc-2.10.0.tgz",
      "integrity": "sha512-97DXVU3dJystrq7W41IX+82JEorLNY+3+ECYxvXWqkq7DBN6FsA08x/EFGE8N/b0LTOui9X2dvpGGoeZKKV08g==",
      "cpu": [
        "arm64"
      ],
      "dev": true,
      "optional": true,
      "os": [
        "win32"
      ],
      "engines": {
        "node": ">= 10"
      }
    },
    "node_modules/@tauri-apps/cli-win32-ia32-msvc": {
      "version": "2.10.0",
      "resolved": "https://registry.npmjs.org/@tauri-apps/cli-win32-ia32-msvc/-/cli-win32-ia32-msvc-2.10.0.tgz",
      "integrity": "sha512-EHyQ1iwrWy1CwMalEm9z2a6L5isQ121pe7FcA2xe4VWMJp+GHSDDGvbTv/OPdkt2Lyr7DAZBpZHM6nvlHXEc4A==",
      "cpu": [
        "ia32"
      ],
      "dev": true,
      "optional": true,
      "os": [
        "win32"
      ],
      "engines": {
        "node": ">= 10"
      }
    },
    "node_modules/@tauri-apps/cli-win32-x64-msvc": {
      "version": "2.10.0",
      "resolved": "https://registry.npmjs.org/@tauri-apps/cli-win32-x64-msvc/-/cli-win32-x64-msvc-2.10.0.tgz",
      "integrity": "sha512-NTpyQxkpzGmU6ceWBTY2xRIEaS0ZLbVx1HE1zTA3TY/pV3+cPoPPOs+7YScr4IMzXMtOw7tLw5LEXo5oIG3qaQ==",
      "cpu": [
        "x64"
      ],
      "dev": true,
      "optional": true,
      "os": [
        "win32"
      ],
      "engines": {
        "node": ">= 10"
      }
    },
    "node_modules/cross-env": {
      "version": "7.0.3",
      "resolved": "https://registry.npmjs.org/cross-env/-/cross-env-7.0.3.tgz",
      "integrity": "sha512-+/HKd6EgcQCJGh2PSjZuUitQBQynKor4wrFbRg4DtAgS1aWO+gU52xpH7M9ScGgXSYmAVS9bIJ8EzuaGw0oNAw==",
      "dev": true,
      "dependencies": {
        "cross-spawn": "^7.0.1"
      },
      "bin": {
        "cross-env": "src/bin/cross-env.js",
        "cross-env-shell": "src/bin/cross-env-shell.js"
      },
      "engines": {
        "node": ">=10.14",
        "npm": ">=6",
        "yarn": ">=1"
      }
    },
    "node_modules/cross-spawn": {
      "version": "7.0.6",
      "resolved": "https://registry.npmjs.org/cross-spawn/-/cross-spawn-7.0.6.tgz",
      "integrity": "sha512-uV2QOWP2nWzsy2aMp8aRibhi9dlzF5Hgh5SHaB9OiTGEyDTiJJyx0uy51QXdyWbtAHNua4XJzUKca3OzKUd3vA==",
      "dev": true,
      "dependencies": {
        "path-key": "^3.1.0",
        "shebang-command": "^2.0.0",
        "which": "^2.0.1"
      },
      "engines": {
        "node": ">= 8"
      }
    },
    "node_modules/isexe": {
      "version": "2.0.0",
      "resolved": "https://registry.npmjs.org/isexe/-/isexe-2.0.0.tgz",
      "integrity": "sha512-RHxMLp9lnKHGHRng9QFhRCMbYAcVpn69smSGcq3f36xjgVVWThj4qqLbTLlq7Ssj8B+fIQ1EuCEGI2lKsyQeIw==",
      "dev": true
    },
    "node_modules/path-key": {
      "version": "3.1.1",
      "resolved": "https://registry.npmjs.org/path-key/-/path-key-3.1.1.tgz",
      "integrity": "sha512-ojmeN0qd+y0jszEtoY48r0Peq5dwMEkIlCOu6Q5f41lfkswXuKtYrhgoTpLnyIcHm24Uhqx+5Tqm2InSwLhE6Q==",
      "dev": true,
      "engines": {
        "node": ">=8"
      }
    },
    "node_modules/shebang-command": {
      "version": "2.0.0",
      "resolved": "https://registry.npmjs.org/shebang-command/-/shebang-command-2.0.0.tgz",
      "integrity": "sha512-kHxr2zZpYtdmrN1qDjrrX/Z1rR1kG8Dx+gkpK1G4eXmvXswmcE1hTWBWYUzlraYw1/yZp6YuDY77YtvbN0dmDA==",
      "dev": true,
      "dependencies": {
        "shebang-regex": "^3.0.0"
      },
      "engines": {
        "node": ">=8"
      }
    },
    "node_modules/shebang-regex": {
      "version": "3.0.0",
      "resolved": "https://registry.npmjs.org/shebang-regex/-/shebang-regex-3.0.0.tgz",
      "integrity": "sha512-7++dFhtcx3353uBaq8DDR4NuxBetBzC7ZQOhmTQInHEd6bSrXdiEyzCvG07Z44UYdLShWUyXt5M/yhz8ekcb1A==",
      "dev": true,
      "engines": {
        "node": ">=8"
      }
    },
    "node_modules/which": {
      "version": "2.0.2",
      "resolved": "https://registry.npmjs.org/which/-/which-2.0.2.tgz",
      "integrity": "sha512-BLI3Tl1TW3Pvl70l3yq3Y64i+awpwXqsGBYWkkqMtnbXgrMD+yj7rhW0kuEDxzJaYXGjEW5ogapKNMEKNMjibA==",
      "dev": true,
      "dependencies": {
        "isexe": "^2.0.0"
      },
      "bin": {
        "node-which": "bin/node-which"
      },
      "engines": {
        "node": ">= 8"
      }
    }
  },
  "dependencies": {
    "@tauri-apps/cli": {
      "version": "2.10.0",
      "resolved": "https://registry.npmjs.org/@tauri-apps/cli/-/cli-2.10.0.tgz",
      "integrity": "sha512-ZwT0T+7bw4+DPCSWzmviwq5XbXlM0cNoleDKOYPFYqcZqeKY31KlpoMW/MOON/tOFBPgi31a2v3w9gliqwL2+Q==",
      "dev": true,
      "requires": {
        "@tauri-apps/cli-darwin-arm64": "2.10.0",
        "@tauri-apps/cli-darwin-x64": "2.10.0",
        "@tauri-apps/cli-linux-arm-gnueabihf": "2.10.0",
        "@tauri-apps/cli-linux-arm64-gnu": "2.10.0",
        "@tauri-apps/cli-linux-arm64-musl": "2.10.0",
        "@tauri-apps/cli-linux-riscv64-gnu": "2.10.0",
        "@tauri-apps/cli-linux-x64-gnu": "2.10.0",
        "@tauri-apps/cli-linux-x64-musl": "2.10.0",
        "@tauri-apps/cli-win32-arm64-msvc": "2.10.0",
        "@tauri-apps/cli-win32-ia32-msvc": "2.10.0",
        "@tauri-apps/cli-win32-x64-msvc": "2.10.0"
      }
    },
    "@tauri-apps/cli-darwin-arm64": {
      "version": "2.10.0",
      "resolved": "https://registry.npmjs.org/@tauri-apps/cli-darwin-arm64/-/cli-darwin-arm64-2.10.0.tgz",
      "integrity": "sha512-avqHD4HRjrMamE/7R/kzJPcAJnZs0IIS+1nkDP5b+TNBn3py7N2aIo9LIpy+VQq0AkN8G5dDpZtOOBkmWt/zjA==",
      "dev": true,
      "optional": true
    },
    "@tauri-apps/cli-darwin-x64": {
      "version": "2.10.0",
      "resolved": "https://registry.npmjs.org/@tauri-apps/cli-darwin-x64/-/cli-darwin-x64-2.10.0.tgz",
      "integrity": "sha512-keDmlvJRStzVFjZTd0xYkBONLtgBC9eMTpmXnBXzsHuawV2q9PvDo2x6D5mhuoMVrJ9QWjgaPKBBCFks4dK71Q==",
      "dev": true,
      "optional": true
    },
    "@tauri-apps/cli-linux-arm-gnueabihf": {
      "version": "2.10.0",
      "resolved": "https://registry.npmjs.org/@tauri-apps/cli-linux-arm-gnueabihf/-/cli-linux-arm-gnueabihf-2.10.0.tgz",
      "integrity": "sha512-e5u0VfLZsMAC9iHaOEANumgl6lfnJx0Dtjkd8IJpysZ8jp0tJ6wrIkto2OzQgzcYyRCKgX72aKE0PFgZputA8g==",
      "dev": true,
      "optional": true
    },
    "@tauri-apps/cli-linux-arm64-gnu": {
      "version": "2.10.0",
      "resolved": "https://registry.npmjs.org/@tauri-apps/cli-linux-arm64-gnu/-/cli-linux-arm64-gnu-2.10.0.tgz",
      "integrity": "sha512-YrYYk2dfmBs5m+OIMCrb+JH/oo+4FtlpcrTCgiFYc7vcs6m3QDd1TTyWu0u01ewsCtK2kOdluhr/zKku+KP7HA==",
      "dev": true,
      "optional": true
    },
    "@tauri-apps/cli-linux-arm64-musl": {
      "version": "2.10.0",
      "resolved": "https://registry.npmjs.org/@tauri-apps/cli-linux-arm64-musl/-/cli-linux-arm64-musl-2.10.0.tgz",
      "integrity": "sha512-GUoPdVJmrJRIXFfW3Rkt+eGK9ygOdyISACZfC/bCSfOnGt8kNdQIQr5WRH9QUaTVFIwxMlQyV3m+yXYP+xhSVA==",
      "dev": true,
      "optional": true
    },
    "@tauri-apps/cli-linux-riscv64-gnu": {
      "version": "2.10.0",
      "resolved": "https://registry.npmjs.org/@tauri-apps/cli-linux-riscv64-gnu/-/cli-linux-riscv64-gnu-2.10.0.tgz",
      "integrity": "sha512-JO7s3TlSxshwsoKNCDkyvsx5gw2QAs/Y2GbR5UE2d5kkU138ATKoPOtxn8G1fFT1aDW4LH0rYAAfBpGkDyJJnw==",
      "dev": true,
      "optional": true
    },
    "@tauri-apps/cli-linux-x64-gnu": {
      "version": "2.10.0",
      "resolved": "https://registry.npmjs.org/@tauri-apps/cli-linux-x64-gnu/-/cli-linux-x64-gnu-2.10.0.tgz",
      "integrity": "sha512-Uvh4SUUp4A6DVRSMWjelww0GnZI3PlVy7VS+DRF5napKuIehVjGl9XD0uKoCoxwAQBLctvipyEK+pDXpJeoHng==",
      "dev": true,
      "optional": true
    },
    "@tauri-apps/cli-linux-x64-musl": {
      "version": "2.10.0",
      "resolved": "https://registry.npmjs.org/@tauri-apps/cli-linux-x64-musl/-/cli-linux-x64-musl-2.10.0.tgz",
      "integrity": "sha512-AP0KRK6bJuTpQ8kMNWvhIpKUkQJfcPFeba7QshOQZjJ8wOS6emwTN4K5g/d3AbCMo0RRdnZWwu67MlmtJyxC1Q==",
      "dev": true,
      "optional": true
    },
    "@tauri-apps/cli-win32-arm64-msvc": {
      "version": "2.10.0",
      "resolved": "https://registry.npmjs.org/@tauri-apps/cli-win32-arm64-msvc/-/cli-win32-arm64-msvc-2.10.0.tgz",
      "integrity": "sha512-97DXVU3dJystrq7W41IX+82JEorLNY+3+ECYxvXWqkq7DBN6FsA08x/EFGE8N/b0LTOui9X2dvpGGoeZKKV08g==",
      "dev": true,
      "optional": true
    },
    "@tauri-apps/cli-win32-ia32-msvc": {
      "version": "2.10.0",
      "resolved": "https://registry.npmjs.org/@tauri-apps/cli-win32-ia32-msvc/-/cli-win32-ia32-msvc-2.10.0.tgz",
      "integrity": "sha512-EHyQ1iwrWy1CwMalEm9z2a6L5isQ121pe7FcA2xe4VWMJp+GHSDDGvbTv/OPdkt2Lyr7DAZBpZHM6nvlHXEc4A==",
      "dev": true,
      "optional": true
    },
    "@tauri-apps/cli-win32-x64-msvc": {
      "version": "2.10.0",
      "resolved": "https://registry.npmjs.org/@tauri-apps/cli-win32-x64-msvc/-/cli-win32-x64-msvc-2.10.0.tgz",
      "integrity": "sha512-NTpyQxkpzGmU6ceWBTY2xRIEaS0ZLbVx1HE1zTA3TY/pV3+cPoPPOs+7YScr4IMzXMtOw7tLw5LEXo5oIG3qaQ==",
      "dev": true,
      "optional": true
    },
    "cross-env": {
      "version": "7.0.3",
      "resolved": "https://registry.npmjs.org/cross-env/-/cross-env-7.0.3.tgz",
      "integrity": "sha512-+/HKd6EgcQCJGh2PSjZuUitQBQynKor4wrFbRg4DtAgS1aWO+gU52xpH7M9ScGgXSYmAVS9bIJ8EzuaGw0oNAw==",
      "dev": true,
      "requires": {
        "cross-spawn": "^7.0.1"
      }
    },
    "cross-spawn": {
      "version": "7.0.6",
      "resolved": "https://registry.npmjs.org/cross-spawn/-/cross-spawn-7.0.6.tgz",
      "integrity": "sha512-uV2QOWP2nWzsy2aMp8aRibhi9dlzF5Hgh5SHaB9OiTGEyDTiJJyx0uy51QXdyWbtAHNua4XJzUKca3OzKUd3vA==",
      "dev": true,
      "requires": {
        "path-key": "^3.1.0",
        "shebang-command": "^2.0.0",
        "which": "^2.0.1"
      }
    },
    "isexe": {
      "version": "2.0.0",
      "resolved": "https://registry.npmjs.org/isexe/-/isexe-2.0.0.tgz",
      "integrity": "sha512-RHxMLp9lnKHGHRng9QFhRCMbYAcVpn69smSGcq3f36xjgVVWThj4qqLbTLlq7Ssj8B+fIQ1EuCEGI2lKsyQeIw==",
      "dev": true
    },
    "path-key": {
      "version": "3.1.1",
      "resolved": "https://registry.npmjs.org/path-key/-/path-key-3.1.1.tgz",
      "integrity": "sha512-ojmeN0qd+y0jszEtoY48r0Peq5dwMEkIlCOu6Q5f41lfkswXuKtYrhgoTpLnyIcHm24Uhqx+5Tqm2InSwLhE6Q==",
      "dev": true
    },
    "shebang-command": {
      "version": "2.0.0",
      "resolved": "https://registry.npmjs.org/shebang-command/-/shebang-command-2.0.0.tgz",
      "integrity": "sha512-kHxr2zZpYtdmrN1qDjrrX/Z1rR1kG8Dx+gkpK1G4eXmvXswmcE1hTWBWYUzlraYw1/yZp6YuDY77YtvbN0dmDA==",
      "dev": true,
      "requires": {
        "shebang-regex": "^3.0.0"
      }
    },
    "shebang-regex": {
      "version": "3.0.0",
      "resolved": "https://registry.npmjs.org/shebang-regex/-/shebang-regex-3.0.0.tgz",
      "integrity": "sha512-7++dFhtcx3353uBaq8DDR4NuxBetBzC7ZQOhmTQInHEd6bSrXdiEyzCvG07Z44UYdLShWUyXt5M/yhz8ekcb1A==",
      "dev": true
    },
    "which": {
      "version": "2.0.2",
      "resolved": "https://registry.npmjs.org/which/-/which-2.0.2.tgz",
      "integrity": "sha512-BLI3Tl1TW3Pvl70l3yq3Y64i+awpwXqsGBYWkkqMtnbXgrMD+yj7rhW0kuEDxzJaYXGjEW5ogapKNMEKNMjibA==",
      "dev": true,
      "requires": {
        "isexe": "^2.0.0"
      }
    }
  }
}
